
Microsoft Visual Studio Solution File, Format Version 12.00
# Visual Studio Version 16
VisualStudioVersion = 16.0.808.4
MinimumVisualStudioVersion = 10.0.40219.1
Project("{FAE04EC0-301F-11D3-BF4B-00C04F79EFBC}") = "ExceptionThrogh", "ExceptionThrogh\ExceptionThrogh.csproj", "{C4F21286-79A0-4882-8F99-C1B7C3B98E9A}"
EndProject
Global
	GlobalSection(SolutionConfigurationPlatforms) = preSolution
		Debug|Any CPU = Debug|Any CPU
		Release|Any CPU = Release|Any CPU
	EndGlobalSection
	GlobalSection(ProjectConfigurationPlatforms) = postSolution
		{C4F21286-79A0-4882-8F99-C1B7C3B98E9A}.Debug|Any CPU.ActiveCfg = Debug|Any CPU
		{C4F21286-79A0-4882-8F99-C1B7C3B98E9A}.Debug|Any CPU.Build.0 = Debug|Any CPU
		{C4F21286-79A0-4882-8F99-C1B7C3B98E9A}.Release|Any CPU.ActiveCfg = Release|Any CPU
		{C4F21286-79A0-4882-8F99-C1B7C3B98E9A}.Release|Any CPU.Build.0 = Release|Any CPU
	EndGlobalSection
	GlobalSection(SolutionProperties) = preSolution
		HideSolutionNode = FALSE
	EndGlobalSection
	GlobalSection(ExtensibilityGlobals) = postSolution
		SolutionGuid = {2CA972D0-2B24-452D-B452-9AE9A833D31C}
	EndGlobalSection
EndGlobal
